
Microsoft Visual Studio Solution File, Format Version 12.00
# Visual Studio Version 16
VisualStudioVersion = 16.0.30011.22
MinimumVisualStudioVersion = 10.0.40219.1
Project("{FAE04EC0-301F-11D3-BF4B-00C04F79EFBC}") = "PlacetoPay.Redirection", "src\PlacetoPay.Redirection.csproj", "{4B9A1F24-2C29-4A6C-87EE-E6DE851F7688}"
EndProject
Project("{FAE04EC0-301F-11D3-BF4B-00C04F79EFBC}") = "PlacetoPay.RedirectionTests", "test\PlacetoPay.RedirectionTests.csproj", "{2D8AB441-2AC9-4F2F-8FC6-DBA481DE076E}"
EndProject
Global
	GlobalSection(SolutionConfigurationPlatforms) = preSolution
		Debug|Any CPU = Debug|Any CPU
		Release|Any CPU = Release|Any CPU
	EndGlobalSection
	GlobalSection(ProjectConfigurationPlatforms) = postSolution
		{4B9A1F24-2C29-4A6C-87EE-E6DE851F7688}.Debug|Any CPU.ActiveCfg = Debug|Any CPU
		{4B9A1F24-2C29-4A6C-87EE-E6DE851F7688}.Debug|Any CPU.Build.0 = Debug|Any CPU
		{4B9A1F24-2C29-4A6C-87EE-E6DE851F7688}.Release|Any CPU.ActiveCfg = Release|Any CPU
		{4B9A1F24-2C29-4A6C-87EE-E6DE851F7688}.Release|Any CPU.Build.0 = Release|Any CPU
		{2D8AB441-2AC9-4F2F-8FC6-DBA481DE076E}.Debug|Any CPU.ActiveCfg = Debug|Any CPU
		{2D8AB441-2AC9-4F2F-8FC6-DBA481DE076E}.Debug|Any CPU.Build.0 = Debug|Any CPU
		{2D8AB441-2AC9-4F2F-8FC6-DBA481DE076E}.Release|Any CPU.ActiveCfg = Release|Any CPU
		{2D8AB441-2AC9-4F2F-8FC6-DBA481DE076E}.Release|Any CPU.Build.0 = Release|Any CPU
	EndGlobalSection
	GlobalSection(SolutionProperties) = preSolution
		HideSolutionNode = FALSE
	EndGlobalSection
	GlobalSection(ExtensibilityGlobals) = postSolution
		SolutionGuid = {FC252D41-A593-4FCB-BA37-32B9E684DCCE}
	EndGlobalSection
EndGlobal
